
Microsoft Visual Studio Solution File, Format Version 12.00
# Visual Studio Version 16
VisualStudioVersion = 16.0.30611.23
MinimumVisualStudioVersion = 10.0.40219.1
Project("{9A19103F-16F7-4668-BE54-9A1E7A4F7556}") = "SW.Api", "SW.Api\SW.Api.csproj", "{DD9BB6D1-7417-43FB-960D-C3DCB63C57D9}"
EndProject
Project("{9A19103F-16F7-4668-BE54-9A1E7A4F7556}") = "SW.Model", "SW.Model\SW.Model.csproj", "{9CBAACDE-8193-4226-953E-E343BBA8BF88}"
EndProject
Project("{9A19103F-16F7-4668-BE54-9A1E7A4F7556}") = "SW.Api.Handlers.Tests", "SW.Api.Handlers.Tests\SW.Api.Handlers.Tests.csproj", "{987D9CF6-84E8-453B-9536-F50CF990DC2C}"
EndProject
Project("{9A19103F-16F7-4668-BE54-9A1E7A4F7556}") = "SW.Api.Handlers", "SW.Api.Handlers\SW.Api.Handlers.csproj", "{EDDD5557-D3EA-410A-89F1-D5A670D36483}"
EndProject
Project("{9A19103F-16F7-4668-BE54-9A1E7A4F7556}") = "SW.Api.Requests", "SW.Api.Requests\SW.Api.Requests.csproj", "{00EAE532-651E-4C95-A4CE-A70FCB88B0B2}"
EndProject
Project("{9A19103F-16F7-4668-BE54-9A1E7A4F7556}") = "SW.Dao", "SW.Dao\SW.Dao.csproj", "{CF09DAC3-18AF-49DB-9592-2DB684821994}"
EndProject
Project("{00D1A9C2-B5F0-4AF3-8072-F6C62B433612}") = "SW.Database", "SW.Database\SW.Database.sqlproj", "{00D8B928-A2E7-4DDB-BF2A-2E9CE029E486}"
EndProject
Project("{FAE04EC0-301F-11D3-BF4B-00C04F79EFBC}") = "SW.Commons", "SW.Commons\SW.Commons.csproj", "{A6E4F523-9308-4D21-A44B-70DED6CA612C}"
EndProject
Global
	GlobalSection(SolutionConfigurationPlatforms) = preSolution
		Debug|Any CPU = Debug|Any CPU
		Release|Any CPU = Release|Any CPU
	EndGlobalSection
	GlobalSection(ProjectConfigurationPlatforms) = postSolution
		{DD9BB6D1-7417-43FB-960D-C3DCB63C57D9}.Debug|Any CPU.ActiveCfg = Debug|Any CPU
		{DD9BB6D1-7417-43FB-960D-C3DCB63C57D9}.Debug|Any CPU.Build.0 = Debug|Any CPU
		{DD9BB6D1-7417-43FB-960D-C3DCB63C57D9}.Release|Any CPU.ActiveCfg = Release|Any CPU
		{DD9BB6D1-7417-43FB-960D-C3DCB63C57D9}.Release|Any CPU.Build.0 = Release|Any CPU
		{9CBAACDE-8193-4226-953E-E343BBA8BF88}.Debug|Any CPU.ActiveCfg = Debug|Any CPU
		{9CBAACDE-8193-4226-953E-E343BBA8BF88}.Debug|Any CPU.Build.0 = Debug|Any CPU
		{9CBAACDE-8193-4226-953E-E343BBA8BF88}.Release|Any CPU.ActiveCfg = Release|Any CPU
		{9CBAACDE-8193-4226-953E-E343BBA8BF88}.Release|Any CPU.Build.0 = Release|Any CPU
		{987D9CF6-84E8-453B-9536-F50CF990DC2C}.Debug|Any CPU.ActiveCfg = Debug|Any CPU
		{987D9CF6-84E8-453B-9536-F50CF990DC2C}.Debug|Any CPU.Build.0 = Debug|Any CPU
		{987D9CF6-84E8-453B-9536-F50CF990DC2C}.Release|Any CPU.ActiveCfg = Release|Any CPU
		{987D9CF6-84E8-453B-9536-F50CF990DC2C}.Release|Any CPU.Build.0 = Release|Any CPU
		{EDDD5557-D3EA-410A-89F1-D5A670D36483}.Debug|Any CPU.ActiveCfg = Debug|Any CPU
		{EDDD5557-D3EA-410A-89F1-D5A670D36483}.Debug|Any CPU.Build.0 = Debug|Any CPU
		{EDDD5557-D3EA-410A-89F1-D5A670D36483}.Release|Any CPU.ActiveCfg = Release|Any CPU
		{EDDD5557-D3EA-410A-89F1-D5A670D36483}.Release|Any CPU.Build.0 = Release|Any CPU
		{00EAE532-651E-4C95-A4CE-A70FCB88B0B2}.Debug|Any CPU.ActiveCfg = Debug|Any CPU
		{00EAE532-651E-4C95-A4CE-A70FCB88B0B2}.Debug|Any CPU.Build.0 = Debug|Any CPU
		{00EAE532-651E-4C95-A4CE-A70FCB88B0B2}.Release|Any CPU.ActiveCfg = Release|Any CPU
		{00EAE532-651E-4C95-A4CE-A70FCB88B0B2}.Release|Any CPU.Build.0 = Release|Any CPU
		{CF09DAC3-18AF-49DB-9592-2DB684821994}.Debug|Any CPU.ActiveCfg = Debug|Any CPU
		{CF09DAC3-18AF-49DB-9592-2DB684821994}.Debug|Any CPU.Build.0 = Debug|Any CPU
		{CF09DAC3-18AF-49DB-9592-2DB684821994}.Release|Any CPU.ActiveCfg = Release|Any CPU
		{CF09DAC3-18AF-49DB-9592-2DB684821994}.Release|Any CPU.Build.0 = Release|Any CPU
		{00D8B928-A2E7-4DDB-BF2A-2E9CE029E486}.Debug|Any CPU.ActiveCfg = Debug|Any CPU
		{00D8B928-A2E7-4DDB-BF2A-2E9CE029E486}.Debug|Any CPU.Build.0 = Debug|Any CPU
		{00D8B928-A2E7-4DDB-BF2A-2E9CE029E486}.Debug|Any CPU.Deploy.0 = Debug|Any CPU
		{00D8B928-A2E7-4DDB-BF2A-2E9CE029E486}.Release|Any CPU.ActiveCfg = Release|Any CPU
		{00D8B928-A2E7-4DDB-BF2A-2E9CE029E486}.Release|Any CPU.Build.0 = Release|Any CPU
		{00D8B928-A2E7-4DDB-BF2A-2E9CE029E486}.Release|Any CPU.Deploy.0 = Release|Any CPU
		{A6E4F523-9308-4D21-A44B-70DED6CA612C}.Debug|Any CPU.ActiveCfg = Debug|Any CPU
		{A6E4F523-9308-4D21-A44B-70DED6CA612C}.Debug|Any CPU.Build.0 = Debug|Any CPU
		{A6E4F523-9308-4D21-A44B-70DED6CA612C}.Release|Any CPU.ActiveCfg = Release|Any CPU
		{A6E4F523-9308-4D21-A44B-70DED6CA612C}.Release|Any CPU.Build.0 = Release|Any CPU
	EndGlobalSection
	GlobalSection(SolutionProperties) = preSolution
		HideSolutionNode = FALSE
	EndGlobalSection
	GlobalSection(ExtensibilityGlobals) = postSolution
		SolutionGuid = {2B09D1AB-D7E1-442D-825A-55312A7C22F6}
	EndGlobalSection
EndGlobal
