
Microsoft Visual Studio Solution File, Format Version 12.00
# Visual Studio Version 16
VisualStudioVersion = 16.0.30611.23
MinimumVisualStudioVersion = 10.0.40219.1
Project("{9A19103F-16F7-4668-BE54-9A1E7A4F7556}") = "SWApi", "SWApi\SWApi.csproj", "{DD9BB6D1-7417-43FB-960D-C3DCB63C57D9}"
EndProject
Project("{FAE04EC0-301F-11D3-BF4B-00C04F79EFBC}") = "SW.Model", "SW.Model\SW.Model.csproj", "{9CBAACDE-8193-4226-953E-E343BBA8BF88}"
EndProject
Project("{FAE04EC0-301F-11D3-BF4B-00C04F79EFBC}") = "SWApi.Handlers.Tests", "SWApi.Handlers.Tests\SWApi.Handlers.Tests.csproj", "{987D9CF6-84E8-453B-9536-F50CF990DC2C}"
EndProject
Project("{FAE04EC0-301F-11D3-BF4B-00C04F79EFBC}") = "SWApi.Handlers", "SWApi.Handlers\SWApi.Handlers.csproj", "{EDDD5557-D3EA-410A-89F1-D5A670D36483}"
EndProject
Project("{FAE04EC0-301F-11D3-BF4B-00C04F79EFBC}") = "SWApi.Requests", "SWApi.Requests\SWApi.Requests.csproj", "{00EAE532-651E-4C95-A4CE-A70FCB88B0B2}"
EndProject
Global
	GlobalSection(SolutionConfigurationPlatforms) = preSolution
		Debug|Any CPU = Debug|Any CPU
		Release|Any CPU = Release|Any CPU
	EndGlobalSection
	GlobalSection(ProjectConfigurationPlatforms) = postSolution
		{DD9BB6D1-7417-43FB-960D-C3DCB63C57D9}.Debug|Any CPU.ActiveCfg = Debug|Any CPU
		{DD9BB6D1-7417-43FB-960D-C3DCB63C57D9}.Debug|Any CPU.Build.0 = Debug|Any CPU
		{DD9BB6D1-7417-43FB-960D-C3DCB63C57D9}.Release|Any CPU.ActiveCfg = Release|Any CPU
		{DD9BB6D1-7417-43FB-960D-C3DCB63C57D9}.Release|Any CPU.Build.0 = Release|Any CPU
		{9CBAACDE-8193-4226-953E-E343BBA8BF88}.Debug|Any CPU.ActiveCfg = Debug|Any CPU
		{9CBAACDE-8193-4226-953E-E343BBA8BF88}.Debug|Any CPU.Build.0 = Debug|Any CPU
		{9CBAACDE-8193-4226-953E-E343BBA8BF88}.Release|Any CPU.ActiveCfg = Release|Any CPU
		{9CBAACDE-8193-4226-953E-E343BBA8BF88}.Release|Any CPU.Build.0 = Release|Any CPU
		{987D9CF6-84E8-453B-9536-F50CF990DC2C}.Debug|Any CPU.ActiveCfg = Debug|Any CPU
		{987D9CF6-84E8-453B-9536-F50CF990DC2C}.Debug|Any CPU.Build.0 = Debug|Any CPU
		{987D9CF6-84E8-453B-9536-F50CF990DC2C}.Release|Any CPU.ActiveCfg = Release|Any CPU
		{987D9CF6-84E8-453B-9536-F50CF990DC2C}.Release|Any CPU.Build.0 = Release|Any CPU
		{EDDD5557-D3EA-410A-89F1-D5A670D36483}.Debug|Any CPU.ActiveCfg = Debug|Any CPU
		{EDDD5557-D3EA-410A-89F1-D5A670D36483}.Debug|Any CPU.Build.0 = Debug|Any CPU
		{EDDD5557-D3EA-410A-89F1-D5A670D36483}.Release|Any CPU.ActiveCfg = Release|Any CPU
		{EDDD5557-D3EA-410A-89F1-D5A670D36483}.Release|Any CPU.Build.0 = Release|Any CPU
		{00EAE532-651E-4C95-A4CE-A70FCB88B0B2}.Debug|Any CPU.ActiveCfg = Debug|Any CPU
		{00EAE532-651E-4C95-A4CE-A70FCB88B0B2}.Debug|Any CPU.Build.0 = Debug|Any CPU
		{00EAE532-651E-4C95-A4CE-A70FCB88B0B2}.Release|Any CPU.ActiveCfg = Release|Any CPU
		{00EAE532-651E-4C95-A4CE-A70FCB88B0B2}.Release|Any CPU.Build.0 = Release|Any CPU
	EndGlobalSection
	GlobalSection(SolutionProperties) = preSolution
		HideSolutionNode = FALSE
	EndGlobalSection
	GlobalSection(ExtensibilityGlobals) = postSolution
		SolutionGuid = {2B09D1AB-D7E1-442D-825A-55312A7C22F6}
	EndGlobalSection
EndGlobal
